
Microsoft Visual Studio Solution File, Format Version 12.00
# Visual Studio 15
VisualStudioVersion = 15.0.28010.2050
MinimumVisualStudioVersion = 10.0.40219.1
Project("{FAE04EC0-301F-11D3-BF4B-00C04F79EFBC}") = "NeoSystems.SerialPortMonitor", "NeoSystems.SerialPortMonitor\NeoSystems.SerialPortMonitor.csproj", "{D6702AAD-D182-4B28-B466-10DC6A524C10}"
EndProject
Global
	GlobalSection(SolutionConfigurationPlatforms) = preSolution
		Debug|Any CPU = Debug|Any CPU
		Release|Any CPU = Release|Any CPU
	EndGlobalSection
	GlobalSection(ProjectConfigurationPlatforms) = postSolution
		{D6702AAD-D182-4B28-B466-10DC6A524C10}.Debug|Any CPU.ActiveCfg = Debug|Any CPU
		{D6702AAD-D182-4B28-B466-10DC6A524C10}.Debug|Any CPU.Build.0 = Debug|Any CPU
		{D6702AAD-D182-4B28-B466-10DC6A524C10}.Release|Any CPU.ActiveCfg = Release|Any CPU
		{D6702AAD-D182-4B28-B466-10DC6A524C10}.Release|Any CPU.Build.0 = Release|Any CPU
	EndGlobalSection
	GlobalSection(SolutionProperties) = preSolution
		HideSolutionNode = FALSE
	EndGlobalSection
	GlobalSection(ExtensibilityGlobals) = postSolution
		SolutionGuid = {2AF408F5-E71D-46A7-9D39-63BC734BE89F}
	EndGlobalSection
EndGlobal
